// !$*UTF8*$!
{
	archiveVersion = 1;
	classes = {
	};
	objectVersion = 56;
	objects = {

/* Begin PBXBuildFile section */
		37739EED2C6FE34B0081459E /* main.m in Sources */ = {isa = PBXBuildFile; fileRef = 37739EEC2C6FE34B0081459E /* main.m */; };
		37739F082C6FE8D00081459E /* tests.m in Sources */ = {isa = PBXBuildFile; fileRef = 37739F072C6FE8D00081459E /* tests.m */; };
		37739F0E2C6FF20F0081459E /* SQError.m in Sources */ = {isa = PBXBuildFile; fileRef = 37739F0D2C6FF20F0081459E /* SQError.m */; };
		37739F152C6FFE250081459E /* SQREPL.m in Sources */ = {isa = PBXBuildFile; fileRef = 37739F142C6FFE250081459E /* SQREPL.m */; };
		37739F1A2C7053880081459E /* .sq in Resources */ = {isa = PBXBuildFile; fileRef = 37739F192C7053880081459E /* .sq */; };
		37739F1B2C7053F50081459E /* main.m in Sources */ = {isa = PBXBuildFile; fileRef = 37739EEC2C6FE34B0081459E /* main.m */; };
		37739F1C2C7054030081459E /* SQREPL.m in Sources */ = {isa = PBXBuildFile; fileRef = 37739F142C6FFE250081459E /* SQREPL.m */; };
		37739F1E2C7054090081459E /* SQError.m in Sources */ = {isa = PBXBuildFile; fileRef = 37739F0D2C6FF20F0081459E /* SQError.m */; };
		37739F202C7165D00081459E /* SQContext.m in Sources */ = {isa = PBXBuildFile; fileRef = 37739F1F2C7165D00081459E /* SQContext.m */; };
		37739F222C7165DD0081459E /* SQContext.m in Sources */ = {isa = PBXBuildFile; fileRef = 37739F1F2C7165D00081459E /* SQContext.m */; };
		37739F252C74CA530081459E /* SQScript.m in Sources */ = {isa = PBXBuildFile; fileRef = 37739F242C74CA530081459E /* SQScript.m */; };
		37739F262C74CF1D0081459E /* SQScript.m in Sources */ = {isa = PBXBuildFile; fileRef = 37739F242C74CA530081459E /* SQScript.m */; };
		37739F282C74F0FD0081459E /* SQToken.m in Sources */ = {isa = PBXBuildFile; fileRef = 37739F272C74F0FD0081459E /* SQToken.m */; };
		37739F2A2C7500FD0081459E /* SQToken.m in Sources */ = {isa = PBXBuildFile; fileRef = 37739F272C74F0FD0081459E /* SQToken.m */; };
/* End PBXBuildFile section */

/* Begin PBXCopyFilesBuildPhase section */
		37739EE72C6FE34B0081459E /* CopyFiles */ = {
			isa = PBXCopyFilesBuildPhase;
			buildActionMask = 2147483647;
			dstPath = /usr/share/man/man1/;
			dstSubfolderSpec = 0;
			files = (
			);
			runOnlyForDeploymentPostprocessing = 1;
		};
/* End PBXCopyFilesBuildPhase section */

/* Begin PBXFileReference section */
		37739EE92C6FE34B0081459E /* sq */ = {isa = PBXFileReference; explicitFileType = "compiled.mach-o.executable"; includeInIndex = 0; path = sq; sourceTree = BUILT_PRODUCTS_DIR; };
		37739EEC2C6FE34B0081459E /* main.m */ = {isa = PBXFileReference; lastKnownFileType = sourcecode.c.objc; path = main.m; sourceTree = "<group>"; };
		37739F052C6FE8D00081459E /* tests.xctest */ = {isa = PBXFileReference; explicitFileType = wrapper.cfbundle; includeInIndex = 0; path = tests.xctest; sourceTree = BUILT_PRODUCTS_DIR; };
		37739F072C6FE8D00081459E /* tests.m */ = {isa = PBXFileReference; lastKnownFileType = sourcecode.c.objc; path = tests.m; sourceTree = "<group>"; };
		37739F0C2C6FF1F20081459E /* SQError.h */ = {isa = PBXFileReference; lastKnownFileType = sourcecode.c.h; path = SQError.h; sourceTree = "<group>"; };
		37739F0D2C6FF20F0081459E /* SQError.m */ = {isa = PBXFileReference; lastKnownFileType = sourcecode.c.objc; path = SQError.m; sourceTree = "<group>"; };
		37739F102C6FF2E40081459E /* define.h */ = {isa = PBXFileReference; lastKnownFileType = sourcecode.c.h; path = define.h; sourceTree = "<group>"; };
		37739F142C6FFE250081459E /* SQREPL.m */ = {isa = PBXFileReference; lastKnownFileType = sourcecode.c.objc; path = SQREPL.m; sourceTree = "<group>"; };
		37739F162C6FFE390081459E /* SQREPL.h */ = {isa = PBXFileReference; lastKnownFileType = sourcecode.c.h; path = SQREPL.h; sourceTree = "<group>"; };
		37739F172C704F290081459E /* testing.h */ = {isa = PBXFileReference; lastKnownFileType = sourcecode.c.h; path = testing.h; sourceTree = "<group>"; };
		37739F192C7053880081459E /* .sq */ = {isa = PBXFileReference; lastKnownFileType = text; path = .sq; sourceTree = "<group>"; };
		37739F1F2C7165D00081459E /* SQContext.m */ = {isa = PBXFileReference; lastKnownFileType = sourcecode.c.objc; path = SQContext.m; sourceTree = "<group>"; };
		37739F212C7165D90081459E /* SQContext.h */ = {isa = PBXFileReference; lastKnownFileType = sourcecode.c.h; path = SQContext.h; sourceTree = "<group>"; };
		37739F232C74CA390081459E /* SQScript.h */ = {isa = PBXFileReference; lastKnownFileType = sourcecode.c.h; path = SQScript.h; sourceTree = "<group>"; };
		37739F242C74CA530081459E /* SQScript.m */ = {isa = PBXFileReference; lastKnownFileType = sourcecode.c.objc; path = SQScript.m; sourceTree = "<group>"; };
		37739F272C74F0FD0081459E /* SQToken.m */ = {isa = PBXFileReference; lastKnownFileType = sourcecode.c.objc; path = SQToken.m; sourceTree = "<group>"; };
		37739F292C74F1070081459E /* SQToken.h */ = {isa = PBXFileReference; lastKnownFileType = sourcecode.c.h; path = SQToken.h; sourceTree = "<group>"; };
/* End PBXFileReference section */

/* Begin PBXFrameworksBuildPhase section */
		37739EE62C6FE34B0081459E /* Frameworks */ = {
			isa = PBXFrameworksBuildPhase;
			buildActionMask = 2147483647;
			files = (
			);
			runOnlyForDeploymentPostprocessing = 0;
		};
		37739F022C6FE8D00081459E /* Frameworks */ = {
			isa = PBXFrameworksBuildPhase;
			buildActionMask = 2147483647;
			files = (
			);
			runOnlyForDeploymentPostprocessing = 0;
		};
/* End PBXFrameworksBuildPhase section */

/* Begin PBXGroup section */
		37739EE02C6FE34B0081459E = {
			isa = PBXGroup;
			children = (
				37739EEB2C6FE34B0081459E /* sq */,
				37739F062C6FE8D00081459E /* tests */,
				37739EEA2C6FE34B0081459E /* Products */,
			);
			sourceTree = "<group>";
		};
		37739EEA2C6FE34B0081459E /* Products */ = {
			isa = PBXGroup;
			children = (
				37739EE92C6FE34B0081459E /* sq */,
				37739F052C6FE8D00081459E /* tests.xctest */,
			);
			name = Products;
			sourceTree = "<group>";
		};
		37739EEB2C6FE34B0081459E /* sq */ = {
			isa = PBXGroup;
			children = (
				37739F102C6FF2E40081459E /* define.h */,
				37739F212C7165D90081459E /* SQContext.h */,
				37739F1F2C7165D00081459E /* SQContext.m */,
				37739F0C2C6FF1F20081459E /* SQError.h */,
				37739F0D2C6FF20F0081459E /* SQError.m */,
				37739F162C6FFE390081459E /* SQREPL.h */,
				37739F142C6FFE250081459E /* SQREPL.m */,
				37739F232C74CA390081459E /* SQScript.h */,
				37739F242C74CA530081459E /* SQScript.m */,
				37739F292C74F1070081459E /* SQToken.h */,
				37739F272C74F0FD0081459E /* SQToken.m */,
				37739EEC2C6FE34B0081459E /* main.m */,
			);
			path = sq;
			sourceTree = "<group>";
		};
		37739F062C6FE8D00081459E /* tests */ = {
			isa = PBXGroup;
			children = (
				37739F182C7053580081459E /* json */,
				37739F172C704F290081459E /* testing.h */,
				37739F072C6FE8D00081459E /* tests.m */,
			);
			path = tests;
			sourceTree = "<group>";
		};
		37739F182C7053580081459E /* json */ = {
			isa = PBXGroup;
			children = (
				37739F192C7053880081459E /* .sq */,
			);
			path = json;
			sourceTree = "<group>";
		};
/* End PBXGroup section */

/* Begin PBXNativeTarget section */
		37739EE82C6FE34B0081459E /* sq */ = {
			isa = PBXNativeTarget;
			buildConfigurationList = 37739EF02C6FE34B0081459E /* Build configuration list for PBXNativeTarget "sq" */;
			buildPhases = (
				37739EE52C6FE34B0081459E /* Sources */,
				37739EE62C6FE34B0081459E /* Frameworks */,
				37739EE72C6FE34B0081459E /* CopyFiles */,
			);
			buildRules = (
			);
			dependencies = (
			);
			name = sq;
			productName = sq;
			productReference = 37739EE92C6FE34B0081459E /* sq */;
			productType = "com.apple.product-type.tool";
		};
		37739F042C6FE8D00081459E /* tests */ = {
			isa = PBXNativeTarget;
			buildConfigurationList = 37739F092C6FE8D00081459E /* Build configuration list for PBXNativeTarget "tests" */;
			buildPhases = (
				37739F012C6FE8D00081459E /* Sources */,
				37739F022C6FE8D00081459E /* Frameworks */,
				37739F032C6FE8D00081459E /* Resources */,
			);
			buildRules = (
			);
			dependencies = (
			);
			name = tests;
			productName = tests;
			productReference = 37739F052C6FE8D00081459E /* tests.xctest */;
			productType = "com.apple.product-type.bundle.unit-test";
		};
/* End PBXNativeTarget section */

/* Begin PBXProject section */
		37739EE12C6FE34B0081459E /* Project object */ = {
			isa = PBXProject;
			attributes = {
				BuildIndependentTargetsInParallel = 1;
				LastUpgradeCheck = 1540;
				TargetAttributes = {
					37739EE82C6FE34B0081459E = {
						CreatedOnToolsVersion = 15.4;
					};
					37739F042C6FE8D00081459E = {
						CreatedOnToolsVersion = 15.4;
					};
				};
			};
			buildConfigurationList = 37739EE42C6FE34B0081459E /* Build configuration list for PBXProject "sq" */;
			compatibilityVersion = "Xcode 14.0";
			developmentRegion = en;
			hasScannedForEncodings = 0;
			knownRegions = (
				en,
				Base,
			);
			mainGroup = 37739EE02C6FE34B0081459E;
			productRefGroup = 37739EEA2C6FE34B0081459E /* Products */;
			projectDirPath = "";
			projectRoot = "";
			targets = (
				37739EE82C6FE34B0081459E /* sq */,
				37739F042C6FE8D00081459E /* tests */,
			);
		};
/* End PBXProject section */

/* Begin PBXResourcesBuildPhase section */
		37739F032C6FE8D00081459E /* Resources */ = {
			isa = PBXResourcesBuildPhase;
			buildActionMask = 2147483647;
			files = (
				37739F1A2C7053880081459E /* .sq in Resources */,
			);
			runOnlyForDeploymentPostprocessing = 0;
		};
/* End PBXResourcesBuildPhase section */

/* Begin PBXSourcesBuildPhase section */
		37739EE52C6FE34B0081459E /* Sources */ = {
			isa = PBXSourcesBuildPhase;
			buildActionMask = 2147483647;
			files = (
				37739F282C74F0FD0081459E /* SQToken.m in Sources */,
				37739F0E2C6FF20F0081459E /* SQError.m in Sources */,
				37739F152C6FFE250081459E /* SQREPL.m in Sources */,
				37739EED2C6FE34B0081459E /* main.m in Sources */,
				37739F202C7165D00081459E /* SQContext.m in Sources */,
				37739F252C74CA530081459E /* SQScript.m in Sources */,
			);
			runOnlyForDeploymentPostprocessing = 0;
		};
		37739F012C6FE8D00081459E /* Sources */ = {
			isa = PBXSourcesBuildPhase;
			buildActionMask = 2147483647;
			files = (
				37739F1C2C7054030081459E /* SQREPL.m in Sources */,
				37739F2A2C7500FD0081459E /* SQToken.m in Sources */,
				37739F262C74CF1D0081459E /* SQScript.m in Sources */,
				37739F1E2C7054090081459E /* SQError.m in Sources */,
				37739F1B2C7053F50081459E /* main.m in Sources */,
				37739F082C6FE8D00081459E /* tests.m in Sources */,
				37739F222C7165DD0081459E /* SQContext.m in Sources */,
			);
			runOnlyForDeploymentPostprocessing = 0;
		};
/* End PBXSourcesBuildPhase section */

/* Begin XCBuildConfiguration section */
		37739EEE2C6FE34B0081459E /* Debug */ = {
			isa = XCBuildConfiguration;
			buildSettings = {
				ALWAYS_SEARCH_USER_PATHS = NO;
				ASSETCATALOG_COMPILER_GENERATE_SWIFT_ASSET_SYMBOL_EXTENSIONS = YES;
				CLANG_ANALYZER_NONNULL = YES;
				CLANG_ANALYZER_NUMBER_OBJECT_CONVERSION = YES_AGGRESSIVE;
				CLANG_CXX_LANGUAGE_STANDARD = "gnu++20";
				CLANG_ENABLE_MODULES = YES;
				CLANG_ENABLE_OBJC_ARC = YES;
				CLANG_ENABLE_OBJC_WEAK = YES;
				CLANG_WARN_BLOCK_CAPTURE_AUTORELEASING = YES;
				CLANG_WARN_BOOL_CONVERSION = YES;
				CLANG_WARN_COMMA = YES;
				CLANG_WARN_CONSTANT_CONVERSION = YES;
				CLANG_WARN_DEPRECATED_OBJC_IMPLEMENTATIONS = YES;
				CLANG_WARN_DIRECT_OBJC_ISA_USAGE = YES_ERROR;
				CLANG_WARN_DOCUMENTATION_COMMENTS = YES;
				CLANG_WARN_EMPTY_BODY = YES;
				CLANG_WARN_ENUM_CONVERSION = YES;
				CLANG_WARN_INFINITE_RECURSION = YES;
				CLANG_WARN_INT_CONVERSION = YES;
				CLANG_WARN_NON_LITERAL_NULL_CONVERSION = YES;
				CLANG_WARN_OBJC_IMPLICIT_RETAIN_SELF = YES;
				CLANG_WARN_OBJC_LITERAL_CONVERSION = YES;
				CLANG_WARN_OBJC_ROOT_CLASS = YES_ERROR;
				CLANG_WARN_QUOTED_INCLUDE_IN_FRAMEWORK_HEADER = YES;
				CLANG_WARN_RANGE_LOOP_ANALYSIS = YES;
				CLANG_WARN_STRICT_PROTOTYPES = YES;
				CLANG_WARN_SUSPICIOUS_MOVE = YES;
				CLANG_WARN_UNGUARDED_AVAILABILITY = YES_AGGRESSIVE;
				CLANG_WARN_UNREACHABLE_CODE = YES;
				CLANG_WARN__DUPLICATE_METHOD_MATCH = YES;
				COPY_PHASE_STRIP = NO;
				DEBUG_INFORMATION_FORMAT = dwarf;
				ENABLE_STRICT_OBJC_MSGSEND = YES;
				ENABLE_TESTABILITY = YES;
				ENABLE_USER_SCRIPT_SANDBOXING = YES;
				GCC_C_LANGUAGE_STANDARD = gnu17;
				GCC_DYNAMIC_NO_PIC = NO;
				GCC_NO_COMMON_BLOCKS = YES;
				GCC_OPTIMIZATION_LEVEL = 0;
				GCC_PREPROCESSOR_DEFINITIONS = (
					"DEBUG=1",
					"$(inherited)",
				);
				GCC_WARN_64_TO_32_BIT_CONVERSION = YES;
				GCC_WARN_ABOUT_RETURN_TYPE = YES_ERROR;
				GCC_WARN_UNDECLARED_SELECTOR = YES;
				GCC_WARN_UNINITIALIZED_AUTOS = YES_AGGRESSIVE;
				GCC_WARN_UNUSED_FUNCTION = YES;
				GCC_WARN_UNUSED_VARIABLE = YES;
				LOCALIZATION_PREFERS_STRING_CATALOGS = YES;
				MACOSX_DEPLOYMENT_TARGET = 14.4;
				MTL_ENABLE_DEBUG_INFO = INCLUDE_SOURCE;
				MTL_FAST_MATH = YES;
				ONLY_ACTIVE_ARCH = YES;
				SDKROOT = macosx;
			};
			name = Debug;
		};
		37739EEF2C6FE34B0081459E /* Release */ = {
			isa = XCBuildConfiguration;
			buildSettings = {
				ALWAYS_SEARCH_USER_PATHS = NO;
				ASSETCATALOG_COMPILER_GENERATE_SWIFT_ASSET_SYMBOL_EXTENSIONS = YES;
				CLANG_ANALYZER_NONNULL = YES;
				CLANG_ANALYZER_NUMBER_OBJECT_CONVERSION = YES_AGGRESSIVE;
				CLANG_CXX_LANGUAGE_STANDARD = "gnu++20";
				CLANG_ENABLE_MODULES = YES;
				CLANG_ENABLE_OBJC_ARC = YES;
				CLANG_ENABLE_OBJC_WEAK = YES;
				CLANG_WARN_BLOCK_CAPTURE_AUTORELEASING = YES;
				CLANG_WARN_BOOL_CONVERSION = YES;
				CLANG_WARN_COMMA = YES;
				CLANG_WARN_CONSTANT_CONVERSION = YES;
				CLANG_WARN_DEPRECATED_OBJC_IMPLEMENTATIONS = YES;
				CLANG_WARN_DIRECT_OBJC_ISA_USAGE = YES_ERROR;
				CLANG_WARN_DOCUMENTATION_COMMENTS = YES;
				CLANG_WARN_EMPTY_BODY = YES;
				CLANG_WARN_ENUM_CONVERSION = YES;
				CLANG_WARN_INFINITE_RECURSION = YES;
				CLANG_WARN_INT_CONVERSION = YES;
				CLANG_WARN_NON_LITERAL_NULL_CONVERSION = YES;
				CLANG_WARN_OBJC_IMPLICIT_RETAIN_SELF = YES;
				CLANG_WARN_OBJC_LITERAL_CONVERSION = YES;
				CLANG_WARN_OBJC_ROOT_CLASS = YES_ERROR;
				CLANG_WARN_QUOTED_INCLUDE_IN_FRAMEWORK_HEADER = YES;
				CLANG_WARN_RANGE_LOOP_ANALYSIS = YES;
				CLANG_WARN_STRICT_PROTOTYPES = YES;
				CLANG_WARN_SUSPICIOUS_MOVE = YES;
				CLANG_WARN_UNGUARDED_AVAILABILITY = YES_AGGRESSIVE;
				CLANG_WARN_UNREACHABLE_CODE = YES;
				CLANG_WARN__DUPLICATE_METHOD_MATCH = YES;
				COPY_PHASE_STRIP = NO;
				DEBUG_INFORMATION_FORMAT = "dwarf-with-dsym";
				ENABLE_NS_ASSERTIONS = NO;
				ENABLE_STRICT_OBJC_MSGSEND = YES;
				ENABLE_USER_SCRIPT_SANDBOXING = YES;
				GCC_C_LANGUAGE_STANDARD = gnu17;
				GCC_NO_COMMON_BLOCKS = YES;
				GCC_WARN_64_TO_32_BIT_CONVERSION = YES;
				GCC_WARN_ABOUT_RETURN_TYPE = YES_ERROR;
				GCC_WARN_UNDECLARED_SELECTOR = YES;
				GCC_WARN_UNINITIALIZED_AUTOS = YES_AGGRESSIVE;
				GCC_WARN_UNUSED_FUNCTION = YES;
				GCC_WARN_UNUSED_VARIABLE = YES;
				LOCALIZATION_PREFERS_STRING_CATALOGS = YES;
				MACOSX_DEPLOYMENT_TARGET = 14.4;
				MTL_ENABLE_DEBUG_INFO = NO;
				MTL_FAST_MATH = YES;
				SDKROOT = macosx;
			};
			name = Release;
		};
		37739EF12C6FE34B0081459E /* Debug */ = {
			isa = XCBuildConfiguration;
			buildSettings = {
				CODE_SIGN_STYLE = Automatic;
				DEVELOPMENT_TEAM = CJK2LH36QV;
				ENABLE_HARDENED_RUNTIME = YES;
				MACOSX_DEPLOYMENT_TARGET = 14.0;
				PRODUCT_NAME = "$(TARGET_NAME)";
			};
			name = Debug;
		};
		37739EF22C6FE34B0081459E /* Release */ = {
			isa = XCBuildConfiguration;
			buildSettings = {
				CODE_SIGN_STYLE = Automatic;
				DEVELOPMENT_TEAM = CJK2LH36QV;
				ENABLE_HARDENED_RUNTIME = YES;
				MACOSX_DEPLOYMENT_TARGET = 14.0;
				PRODUCT_NAME = "$(TARGET_NAME)";
			};
			name = Release;
		};
		37739F0A2C6FE8D00081459E /* Debug */ = {
			isa = XCBuildConfiguration;
			buildSettings = {
				CODE_SIGN_STYLE = Automatic;
				CURRENT_PROJECT_VERSION = 1;
				DEVELOPMENT_TEAM = CJK2LH36QV;
				GENERATE_INFOPLIST_FILE = YES;
				MARKETING_VERSION = 1.0;
				PRODUCT_BUNDLE_IDENTIFIER = com.github.tests;
				PRODUCT_NAME = "$(TARGET_NAME)";
				SWIFT_EMIT_LOC_STRINGS = NO;
			};
			name = Debug;
		};
		37739F0B2C6FE8D00081459E /* Release */ = {
			isa = XCBuildConfiguration;
			buildSettings = {
				CODE_SIGN_STYLE = Automatic;
				CURRENT_PROJECT_VERSION = 1;
				DEVELOPMENT_TEAM = CJK2LH36QV;
				GENERATE_INFOPLIST_FILE = YES;
				MARKETING_VERSION = 1.0;
				PRODUCT_BUNDLE_IDENTIFIER = com.github.tests;
				PRODUCT_NAME = "$(TARGET_NAME)";
				SWIFT_EMIT_LOC_STRINGS = NO;
			};
			name = Release;
		};
/* End XCBuildConfiguration section */

/* Begin XCConfigurationList section */
		37739EE42C6FE34B0081459E /* Build configuration list for PBXProject "sq" */ = {
			isa = XCConfigurationList;
			buildConfigurations = (
				37739EEE2C6FE34B0081459E /* Debug */,
				37739EEF2C6FE34B0081459E /* Release */,
			);
			defaultConfigurationIsVisible = 0;
			defaultConfigurationName = Release;
		};
		37739EF02C6FE34B0081459E /* Build configuration list for PBXNativeTarget "sq" */ = {
			isa = XCConfigurationList;
			buildConfigurations = (
				37739EF12C6FE34B0081459E /* Debug */,
				37739EF22C6FE34B0081459E /* Release */,
			);
			defaultConfigurationIsVisible = 0;
			defaultConfigurationName = Release;
		};
		37739F092C6FE8D00081459E /* Build configuration list for PBXNativeTarget "tests" */ = {
			isa = XCConfigurationList;
			buildConfigurations = (
				37739F0A2C6FE8D00081459E /* Debug */,
				37739F0B2C6FE8D00081459E /* Release */,
			);
			defaultConfigurationIsVisible = 0;
			defaultConfigurationName = Release;
		};
/* End XCConfigurationList section */
	};
	rootObject = 37739EE12C6FE34B0081459E /* Project object */;
}
